
Microsoft Visual Studio Solution File, Format Version 12.00
# Visual Studio Version 17
VisualStudioVersion = 17.8.34330.188
MinimumVisualStudioVersion = 10.0.40219.1
Project("{FAE04EC0-301F-11D3-BF4B-00C04F79EFBC}") = "DataBaseCoursWork", "DataBaseCoursWork.csproj", "{DA692D2C-38BE-42C2-B8B0-2B39F829753A}"
EndProject
Global
	GlobalSection(SolutionConfigurationPlatforms) = preSolution
		Debug|Any CPU = Debug|Any CPU
		Release|Any CPU = Release|Any CPU
	EndGlobalSection
	GlobalSection(ProjectConfigurationPlatforms) = postSolution
		{DA692D2C-38BE-42C2-B8B0-2B39F829753A}.Debug|Any CPU.ActiveCfg = Debug|Any CPU
		{DA692D2C-38BE-42C2-B8B0-2B39F829753A}.Debug|Any CPU.Build.0 = Debug|Any CPU
		{DA692D2C-38BE-42C2-B8B0-2B39F829753A}.Release|Any CPU.ActiveCfg = Release|Any CPU
		{DA692D2C-38BE-42C2-B8B0-2B39F829753A}.Release|Any CPU.Build.0 = Release|Any CPU
	EndGlobalSection
	GlobalSection(SolutionProperties) = preSolution
		HideSolutionNode = FALSE
	EndGlobalSection
	GlobalSection(ExtensibilityGlobals) = postSolution
		SolutionGuid = {C0FEC9BC-1A0C-4499-971D-E19C428B7538}
	EndGlobalSection
EndGlobal
